
Microsoft Visual Studio Solution File, Format Version 12.00
# Visual Studio 14
VisualStudioVersion = 14.0.25420.1
MinimumVisualStudioVersion = 10.0.40219.1
Project("{FAE04EC0-301F-11D3-BF4B-00C04F79EFBC}") = "GoogleMapsDemo.Android", "GoogleMapsDemo\GoogleMapsDemo.Android\GoogleMapsDemo.Android.csproj", "{C65156FB-40F4-4267-99D4-1FABAAC7224F}"
EndProject
Project("{FAE04EC0-301F-11D3-BF4B-00C04F79EFBC}") = "GoogleMapsDemo", "GoogleMapsDemo\GoogleMapsDemo\GoogleMapsDemo.csproj", "{FC8F25F9-B5FB-4C5E-851A-D902623169A0}"
EndProject
Project("{FAE04EC0-301F-11D3-BF4B-00C04F79EFBC}") = "GoogleMapsDemo.UWP", "GoogleMapsDemo\GoogleMapsDemo.UWP\GoogleMapsDemo.UWP.csproj", "{02631A2D-48FA-4F8F-B7E6-54F05F06580C}"
EndProject
Project("{FAE04EC0-301F-11D3-BF4B-00C04F79EFBC}") = "GoogleMapsDemo.iOS", "GoogleMapsDemo\GoogleMapsDemo.iOS\GoogleMapsDemo.iOS.csproj", "{75819520-DA3D-449F-AF7F-BD900239D676}"
EndProject
Global
	GlobalSection(SolutionConfigurationPlatforms) = preSolution
		Ad-Hoc|Any CPU = Ad-Hoc|Any CPU
		Ad-Hoc|ARM = Ad-Hoc|ARM
		Ad-Hoc|iPhone = Ad-Hoc|iPhone
		Ad-Hoc|iPhoneSimulator = Ad-Hoc|iPhoneSimulator
		Ad-Hoc|x64 = Ad-Hoc|x64
		Ad-Hoc|x86 = Ad-Hoc|x86
		AppStore|Any CPU = AppStore|Any CPU
		AppStore|ARM = AppStore|ARM
		AppStore|iPhone = AppStore|iPhone
		AppStore|iPhoneSimulator = AppStore|iPhoneSimulator
		AppStore|x64 = AppStore|x64
		AppStore|x86 = AppStore|x86
		Debug|Any CPU = Debug|Any CPU
		Debug|ARM = Debug|ARM
		Debug|iPhone = Debug|iPhone
		Debug|iPhoneSimulator = Debug|iPhoneSimulator
		Debug|x64 = Debug|x64
		Debug|x86 = Debug|x86
		Release|Any CPU = Release|Any CPU
		Release|ARM = Release|ARM
		Release|iPhone = Release|iPhone
		Release|iPhoneSimulator = Release|iPhoneSimulator
		Release|x64 = Release|x64
		Release|x86 = Release|x86
	EndGlobalSection
	GlobalSection(ProjectConfigurationPlatforms) = postSolution
		{C65156FB-40F4-4267-99D4-1FABAAC7224F}.Ad-Hoc|Any CPU.ActiveCfg = Release|Any CPU
		{C65156FB-40F4-4267-99D4-1FABAAC7224F}.Ad-Hoc|Any CPU.Build.0 = Release|Any CPU
		{C65156FB-40F4-4267-99D4-1FABAAC7224F}.Ad-Hoc|Any CPU.Deploy.0 = Release|Any CPU
		{C65156FB-40F4-4267-99D4-1FABAAC7224F}.Ad-Hoc|ARM.ActiveCfg = Release|Any CPU
		{C65156FB-40F4-4267-99D4-1FABAAC7224F}.Ad-Hoc|ARM.Build.0 = Release|Any CPU
		{C65156FB-40F4-4267-99D4-1FABAAC7224F}.Ad-Hoc|ARM.Deploy.0 = Release|Any CPU
		{C65156FB-40F4-4267-99D4-1FABAAC7224F}.Ad-Hoc|iPhone.ActiveCfg = Release|Any CPU
		{C65156FB-40F4-4267-99D4-1FABAAC7224F}.Ad-Hoc|iPhone.Build.0 = Release|Any CPU
		{C65156FB-40F4-4267-99D4-1FABAAC7224F}.Ad-Hoc|iPhone.Deploy.0 = Release|Any CPU
		{C65156FB-40F4-4267-99D4-1FABAAC7224F}.Ad-Hoc|iPhoneSimulator.ActiveCfg = Release|Any CPU
		{C65156FB-40F4-4267-99D4-1FABAAC7224F}.Ad-Hoc|iPhoneSimulator.Build.0 = Release|Any CPU
		{C65156FB-40F4-4267-99D4-1FABAAC7224F}.Ad-Hoc|iPhoneSimulator.Deploy.0 = Release|Any CPU
		{C65156FB-40F4-4267-99D4-1FABAAC7224F}.Ad-Hoc|x64.ActiveCfg = Release|Any CPU
		{C65156FB-40F4-4267-99D4-1FABAAC7224F}.Ad-Hoc|x64.Build.0 = Release|Any CPU
		{C65156FB-40F4-4267-99D4-1FABAAC7224F}.Ad-Hoc|x64.Deploy.0 = Release|Any CPU
		{C65156FB-40F4-4267-99D4-1FABAAC7224F}.Ad-Hoc|x86.ActiveCfg = Release|Any CPU
		{C65156FB-40F4-4267-99D4-1FABAAC7224F}.Ad-Hoc|x86.Build.0 = Release|Any CPU
		{C65156FB-40F4-4267-99D4-1FABAAC7224F}.Ad-Hoc|x86.Deploy.0 = Release|Any CPU
		{C65156FB-40F4-4267-99D4-1FABAAC7224F}.AppStore|Any CPU.ActiveCfg = Release|Any CPU
		{C65156FB-40F4-4267-99D4-1FABAAC7224F}.AppStore|Any CPU.Build.0 = Release|Any CPU
		{C65156FB-40F4-4267-99D4-1FABAAC7224F}.AppStore|Any CPU.Deploy.0 = Release|Any CPU
		{C65156FB-40F4-4267-99D4-1FABAAC7224F}.AppStore|ARM.ActiveCfg = Release|Any CPU
		{C65156FB-40F4-4267-99D4-1FABAAC7224F}.AppStore|ARM.Build.0 = Release|Any CPU
		{C65156FB-40F4-4267-99D4-1FABAAC7224F}.AppStore|ARM.Deploy.0 = Release|Any CPU
		{C65156FB-40F4-4267-99D4-1FABAAC7224F}.AppStore|iPhone.ActiveCfg = Release|Any CPU
		{C65156FB-40F4-4267-99D4-1FABAAC7224F}.AppStore|iPhone.Build.0 = Release|Any CPU
		{C65156FB-40F4-4267-99D4-1FABAAC7224F}.AppStore|iPhone.Deploy.0 = Release|Any CPU
		{C65156FB-40F4-4267-99D4-1FABAAC7224F}.AppStore|iPhoneSimulator.ActiveCfg = Release|Any CPU
		{C65156FB-40F4-4267-99D4-1FABAAC7224F}.AppStore|iPhoneSimulator.Build.0 = Release|Any CPU
		{C65156FB-40F4-4267-99D4-1FABAAC7224F}.AppStore|iPhoneSimulator.Deploy.0 = Release|Any CPU
		{C65156FB-40F4-4267-99D4-1FABAAC7224F}.AppStore|x64.ActiveCfg = Release|Any CPU
		{C65156FB-40F4-4267-99D4-1FABAAC7224F}.AppStore|x64.Build.0 = Release|Any CPU
		{C65156FB-40F4-4267-99D4-1FABAAC7224F}.AppStore|x64.Deploy.0 = Release|Any CPU
		{C65156FB-40F4-4267-99D4-1FABAAC7224F}.AppStore|x86.ActiveCfg = Release|Any CPU
		{C65156FB-40F4-4267-99D4-1FABAAC7224F}.AppStore|x86.Build.0 = Release|Any CPU
		{C65156FB-40F4-4267-99D4-1FABAAC7224F}.AppStore|x86.Deploy.0 = Release|Any CPU
		{C65156FB-40F4-4267-99D4-1FABAAC7224F}.Debug|Any CPU.ActiveCfg = Debug|Any CPU
		{C65156FB-40F4-4267-99D4-1FABAAC7224F}.Debug|Any CPU.Build.0 = Debug|Any CPU
		{C65156FB-40F4-4267-99D4-1FABAAC7224F}.Debug|Any CPU.Deploy.0 = Debug|Any CPU
		{C65156FB-40F4-4267-99D4-1FABAAC7224F}.Debug|ARM.ActiveCfg = Debug|Any CPU
		{C65156FB-40F4-4267-99D4-1FABAAC7224F}.Debug|ARM.Build.0 = Debug|Any CPU
		{C65156FB-40F4-4267-99D4-1FABAAC7224F}.Debug|ARM.Deploy.0 = Debug|Any CPU
		{C65156FB-40F4-4267-99D4-1FABAAC7224F}.Debug|iPhone.ActiveCfg = Debug|Any CPU
		{C65156FB-40F4-4267-99D4-1FABAAC7224F}.Debug|iPhone.Build.0 = Debug|Any CPU
		{C65156FB-40F4-4267-99D4-1FABAAC7224F}.Debug|iPhone.Deploy.0 = Debug|Any CPU
		{C65156FB-40F4-4267-99D4-1FABAAC7224F}.Debug|iPhoneSimulator.ActiveCfg = Debug|Any CPU
		{C65156FB-40F4-4267-99D4-1FABAAC7224F}.Debug|iPhoneSimulator.Build.0 = Debug|Any CPU
		{C65156FB-40F4-4267-99D4-1FABAAC7224F}.Debug|iPhoneSimulator.Deploy.0 = Debug|Any CPU
		{C65156FB-40F4-4267-99D4-1FABAAC7224F}.Debug|x64.ActiveCfg = Debug|Any CPU
		{C65156FB-40F4-4267-99D4-1FABAAC7224F}.Debug|x64.Build.0 = Debug|Any CPU
		{C65156FB-40F4-4267-99D4-1FABAAC7224F}.Debug|x64.Deploy.0 = Debug|Any CPU
		{C65156FB-40F4-4267-99D4-1FABAAC7224F}.Debug|x86.ActiveCfg = Debug|Any CPU
		{C65156FB-40F4-4267-99D4-1FABAAC7224F}.Debug|x86.Build.0 = Debug|Any CPU
		{C65156FB-40F4-4267-99D4-1FABAAC7224F}.Debug|x86.Deploy.0 = Debug|Any CPU
		{C65156FB-40F4-4267-99D4-1FABAAC7224F}.Release|Any CPU.ActiveCfg = Release|Any CPU
		{C65156FB-40F4-4267-99D4-1FABAAC7224F}.Release|Any CPU.Build.0 = Release|Any CPU
		{C65156FB-40F4-4267-99D4-1FABAAC7224F}.Release|Any CPU.Deploy.0 = Release|Any CPU
		{C65156FB-40F4-4267-99D4-1FABAAC7224F}.Release|ARM.ActiveCfg = Release|Any CPU
		{C65156FB-40F4-4267-99D4-1FABAAC7224F}.Release|ARM.Build.0 = Release|Any CPU
		{C65156FB-40F4-4267-99D4-1FABAAC7224F}.Release|ARM.Deploy.0 = Release|Any CPU
		{C65156FB-40F4-4267-99D4-1FABAAC7224F}.Release|iPhone.ActiveCfg = Release|Any CPU
		{C65156FB-40F4-4267-99D4-1FABAAC7224F}.Release|iPhone.Build.0 = Release|Any CPU
		{C65156FB-40F4-4267-99D4-1FABAAC7224F}.Release|iPhone.Deploy.0 = Release|Any CPU
		{C65156FB-40F4-4267-99D4-1FABAAC7224F}.Release|iPhoneSimulator.ActiveCfg = Release|Any CPU
		{C65156FB-40F4-4267-99D4-1FABAAC7224F}.Release|iPhoneSimulator.Build.0 = Release|Any CPU
		{C65156FB-40F4-4267-99D4-1FABAAC7224F}.Release|iPhoneSimulator.Deploy.0 = Release|Any CPU
		{C65156FB-40F4-4267-99D4-1FABAAC7224F}.Release|x64.ActiveCfg = Release|Any CPU
		{C65156FB-40F4-4267-99D4-1FABAAC7224F}.Release|x64.Build.0 = Release|Any CPU
		{C65156FB-40F4-4267-99D4-1FABAAC7224F}.Release|x64.Deploy.0 = Release|Any CPU
		{C65156FB-40F4-4267-99D4-1FABAAC7224F}.Release|x86.ActiveCfg = Release|Any CPU
		{C65156FB-40F4-4267-99D4-1FABAAC7224F}.Release|x86.Build.0 = Release|Any CPU
		{C65156FB-40F4-4267-99D4-1FABAAC7224F}.Release|x86.Deploy.0 = Release|Any CPU
		{FC8F25F9-B5FB-4C5E-851A-D902623169A0}.Ad-Hoc|Any CPU.ActiveCfg = Release|Any CPU
		{FC8F25F9-B5FB-4C5E-851A-D902623169A0}.Ad-Hoc|Any CPU.Build.0 = Release|Any CPU
		{FC8F25F9-B5FB-4C5E-851A-D902623169A0}.Ad-Hoc|ARM.ActiveCfg = Release|Any CPU
		{FC8F25F9-B5FB-4C5E-851A-D902623169A0}.Ad-Hoc|ARM.Build.0 = Release|Any CPU
		{FC8F25F9-B5FB-4C5E-851A-D902623169A0}.Ad-Hoc|iPhone.ActiveCfg = Release|Any CPU
		{FC8F25F9-B5FB-4C5E-851A-D902623169A0}.Ad-Hoc|iPhone.Build.0 = Release|Any CPU
		{FC8F25F9-B5FB-4C5E-851A-D902623169A0}.Ad-Hoc|iPhoneSimulator.ActiveCfg = Release|Any CPU
		{FC8F25F9-B5FB-4C5E-851A-D902623169A0}.Ad-Hoc|iPhoneSimulator.Build.0 = Release|Any CPU
		{FC8F25F9-B5FB-4C5E-851A-D902623169A0}.Ad-Hoc|x64.ActiveCfg = Release|Any CPU
		{FC8F25F9-B5FB-4C5E-851A-D902623169A0}.Ad-Hoc|x64.Build.0 = Release|Any CPU
		{FC8F25F9-B5FB-4C5E-851A-D902623169A0}.Ad-Hoc|x86.ActiveCfg = Release|Any CPU
		{FC8F25F9-B5FB-4C5E-851A-D902623169A0}.Ad-Hoc|x86.Build.0 = Release|Any CPU
		{FC8F25F9-B5FB-4C5E-851A-D902623169A0}.AppStore|Any CPU.ActiveCfg = Release|Any CPU
		{FC8F25F9-B5FB-4C5E-851A-D902623169A0}.AppStore|Any CPU.Build.0 = Release|Any CPU
		{FC8F25F9-B5FB-4C5E-851A-D902623169A0}.AppStore|ARM.ActiveCfg = Release|Any CPU
		{FC8F25F9-B5FB-4C5E-851A-D902623169A0}.AppStore|ARM.Build.0 = Release|Any CPU
		{FC8F25F9-B5FB-4C5E-851A-D902623169A0}.AppStore|iPhone.ActiveCfg = Release|Any CPU
		{FC8F25F9-B5FB-4C5E-851A-D902623169A0}.AppStore|iPhone.Build.0 = Release|Any CPU
		{FC8F25F9-B5FB-4C5E-851A-D902623169A0}.AppStore|iPhoneSimulator.ActiveCfg = Release|Any CPU
		{FC8F25F9-B5FB-4C5E-851A-D902623169A0}.AppStore|iPhoneSimulator.Build.0 = Release|Any CPU
		{FC8F25F9-B5FB-4C5E-851A-D902623169A0}.AppStore|x64.ActiveCfg = Release|Any CPU
		{FC8F25F9-B5FB-4C5E-851A-D902623169A0}.AppStore|x64.Build.0 = Release|Any CPU
		{FC8F25F9-B5FB-4C5E-851A-D902623169A0}.AppStore|x86.ActiveCfg = Release|Any CPU
		{FC8F25F9-B5FB-4C5E-851A-D902623169A0}.AppStore|x86.Build.0 = Release|Any CPU
		{FC8F25F9-B5FB-4C5E-851A-D902623169A0}.Debug|Any CPU.ActiveCfg = Debug|Any CPU
		{FC8F25F9-B5FB-4C5E-851A-D902623169A0}.Debug|Any CPU.Build.0 = Debug|Any CPU
		{FC8F25F9-B5FB-4C5E-851A-D902623169A0}.Debug|ARM.ActiveCfg = Debug|Any CPU
		{FC8F25F9-B5FB-4C5E-851A-D902623169A0}.Debug|ARM.Build.0 = Debug|Any CPU
		{FC8F25F9-B5FB-4C5E-851A-D902623169A0}.Debug|iPhone.ActiveCfg = Debug|Any CPU
		{FC8F25F9-B5FB-4C5E-851A-D902623169A0}.Debug|iPhone.Build.0 = Debug|Any CPU
		{FC8F25F9-B5FB-4C5E-851A-D902623169A0}.Debug|iPhoneSimulator.ActiveCfg = Debug|Any CPU
		{FC8F25F9-B5FB-4C5E-851A-D902623169A0}.Debug|iPhoneSimulator.Build.0 = Debug|Any CPU
		{FC8F25F9-B5FB-4C5E-851A-D902623169A0}.Debug|x64.ActiveCfg = Debug|Any CPU
		{FC8F25F9-B5FB-4C5E-851A-D902623169A0}.Debug|x64.Build.0 = Debug|Any CPU
		{FC8F25F9-B5FB-4C5E-851A-D902623169A0}.Debug|x86.ActiveCfg = Debug|Any CPU
		{FC8F25F9-B5FB-4C5E-851A-D902623169A0}.Debug|x86.Build.0 = Debug|Any CPU
		{FC8F25F9-B5FB-4C5E-851A-D902623169A0}.Release|Any CPU.ActiveCfg = Release|Any CPU
		{FC8F25F9-B5FB-4C5E-851A-D902623169A0}.Release|Any CPU.Build.0 = Release|Any CPU
		{FC8F25F9-B5FB-4C5E-851A-D902623169A0}.Release|ARM.ActiveCfg = Release|Any CPU
		{FC8F25F9-B5FB-4C5E-851A-D902623169A0}.Release|ARM.Build.0 = Release|Any CPU
		{FC8F25F9-B5FB-4C5E-851A-D902623169A0}.Release|iPhone.ActiveCfg = Release|Any CPU
		{FC8F25F9-B5FB-4C5E-851A-D902623169A0}.Release|iPhone.Build.0 = Release|Any CPU
		{FC8F25F9-B5FB-4C5E-851A-D902623169A0}.Release|iPhoneSimulator.ActiveCfg = Release|Any CPU
		{FC8F25F9-B5FB-4C5E-851A-D902623169A0}.Release|iPhoneSimulator.Build.0 = Release|Any CPU
		{FC8F25F9-B5FB-4C5E-851A-D902623169A0}.Release|x64.ActiveCfg = Release|Any CPU
		{FC8F25F9-B5FB-4C5E-851A-D902623169A0}.Release|x64.Build.0 = Release|Any CPU
		{FC8F25F9-B5FB-4C5E-851A-D902623169A0}.Release|x86.ActiveCfg = Release|Any CPU
		{FC8F25F9-B5FB-4C5E-851A-D902623169A0}.Release|x86.Build.0 = Release|Any CPU
		{02631A2D-48FA-4F8F-B7E6-54F05F06580C}.Ad-Hoc|Any CPU.ActiveCfg = Release|x86
		{02631A2D-48FA-4F8F-B7E6-54F05F06580C}.Ad-Hoc|Any CPU.Build.0 = Release|x86
		{02631A2D-48FA-4F8F-B7E6-54F05F06580C}.Ad-Hoc|Any CPU.Deploy.0 = Release|x86
		{02631A2D-48FA-4F8F-B7E6-54F05F06580C}.Ad-Hoc|ARM.ActiveCfg = Release|ARM
		{02631A2D-48FA-4F8F-B7E6-54F05F06580C}.Ad-Hoc|ARM.Build.0 = Release|ARM
		{02631A2D-48FA-4F8F-B7E6-54F05F06580C}.Ad-Hoc|ARM.Deploy.0 = Release|ARM
		{02631A2D-48FA-4F8F-B7E6-54F05F06580C}.Ad-Hoc|iPhone.ActiveCfg = Release|x86
		{02631A2D-48FA-4F8F-B7E6-54F05F06580C}.Ad-Hoc|iPhone.Build.0 = Release|x86
		{02631A2D-48FA-4F8F-B7E6-54F05F06580C}.Ad-Hoc|iPhone.Deploy.0 = Release|x86
		{02631A2D-48FA-4F8F-B7E6-54F05F06580C}.Ad-Hoc|iPhoneSimulator.ActiveCfg = Release|x86
		{02631A2D-48FA-4F8F-B7E6-54F05F06580C}.Ad-Hoc|iPhoneSimulator.Build.0 = Release|x86
		{02631A2D-48FA-4F8F-B7E6-54F05F06580C}.Ad-Hoc|iPhoneSimulator.Deploy.0 = Release|x86
		{02631A2D-48FA-4F8F-B7E6-54F05F06580C}.Ad-Hoc|x64.ActiveCfg = Release|x64
		{02631A2D-48FA-4F8F-B7E6-54F05F06580C}.Ad-Hoc|x64.Build.0 = Release|x64
		{02631A2D-48FA-4F8F-B7E6-54F05F06580C}.Ad-Hoc|x64.Deploy.0 = Release|x64
		{02631A2D-48FA-4F8F-B7E6-54F05F06580C}.Ad-Hoc|x86.ActiveCfg = Release|x86
		{02631A2D-48FA-4F8F-B7E6-54F05F06580C}.Ad-Hoc|x86.Build.0 = Release|x86
		{02631A2D-48FA-4F8F-B7E6-54F05F06580C}.Ad-Hoc|x86.Deploy.0 = Release|x86
		{02631A2D-48FA-4F8F-B7E6-54F05F06580C}.AppStore|Any CPU.ActiveCfg = Release|x86
		{02631A2D-48FA-4F8F-B7E6-54F05F06580C}.AppStore|Any CPU.Build.0 = Release|x86
		{02631A2D-48FA-4F8F-B7E6-54F05F06580C}.AppStore|Any CPU.Deploy.0 = Release|x86
		{02631A2D-48FA-4F8F-B7E6-54F05F06580C}.AppStore|ARM.ActiveCfg = Release|ARM
		{02631A2D-48FA-4F8F-B7E6-54F05F06580C}.AppStore|ARM.Build.0 = Release|ARM
		{02631A2D-48FA-4F8F-B7E6-54F05F06580C}.AppStore|ARM.Deploy.0 = Release|ARM
		{02631A2D-48FA-4F8F-B7E6-54F05F06580C}.AppStore|iPhone.ActiveCfg = Release|x86
		{02631A2D-48FA-4F8F-B7E6-54F05F06580C}.AppStore|iPhone.Build.0 = Release|x86
		{02631A2D-48FA-4F8F-B7E6-54F05F06580C}.AppStore|iPhone.Deploy.0 = Release|x86
		{02631A2D-48FA-4F8F-B7E6-54F05F06580C}.AppStore|iPhoneSimulator.ActiveCfg = Release|x86
		{02631A2D-48FA-4F8F-B7E6-54F05F06580C}.AppStore|iPhoneSimulator.Build.0 = Release|x86
		{02631A2D-48FA-4F8F-B7E6-54F05F06580C}.AppStore|iPhoneSimulator.Deploy.0 = Release|x86
		{02631A2D-48FA-4F8F-B7E6-54F05F06580C}.AppStore|x64.ActiveCfg = Release|x64
		{02631A2D-48FA-4F8F-B7E6-54F05F06580C}.AppStore|x64.Build.0 = Release|x64
		{02631A2D-48FA-4F8F-B7E6-54F05F06580C}.AppStore|x64.Deploy.0 = Release|x64
		{02631A2D-48FA-4F8F-B7E6-54F05F06580C}.AppStore|x86.ActiveCfg = Release|x86
		{02631A2D-48FA-4F8F-B7E6-54F05F06580C}.AppStore|x86.Build.0 = Release|x86
		{02631A2D-48FA-4F8F-B7E6-54F05F06580C}.AppStore|x86.Deploy.0 = Release|x86
		{02631A2D-48FA-4F8F-B7E6-54F05F06580C}.Debug|Any CPU.ActiveCfg = Debug|x86
		{02631A2D-48FA-4F8F-B7E6-54F05F06580C}.Debug|ARM.ActiveCfg = Debug|ARM
		{02631A2D-48FA-4F8F-B7E6-54F05F06580C}.Debug|ARM.Build.0 = Debug|ARM
		{02631A2D-48FA-4F8F-B7E6-54F05F06580C}.Debug|ARM.Deploy.0 = Debug|ARM
		{02631A2D-48FA-4F8F-B7E6-54F05F06580C}.Debug|iPhone.ActiveCfg = Debug|x86
		{02631A2D-48FA-4F8F-B7E6-54F05F06580C}.Debug|iPhoneSimulator.ActiveCfg = Debug|x86
		{02631A2D-48FA-4F8F-B7E6-54F05F06580C}.Debug|x64.ActiveCfg = Debug|x64
		{02631A2D-48FA-4F8F-B7E6-54F05F06580C}.Debug|x64.Build.0 = Debug|x64
		{02631A2D-48FA-4F8F-B7E6-54F05F06580C}.Debug|x64.Deploy.0 = Debug|x64
		{02631A2D-48FA-4F8F-B7E6-54F05F06580C}.Debug|x86.ActiveCfg = Debug|x86
		{02631A2D-48FA-4F8F-B7E6-54F05F06580C}.Debug|x86.Build.0 = Debug|x86
		{02631A2D-48FA-4F8F-B7E6-54F05F06580C}.Debug|x86.Deploy.0 = Debug|x86
		{02631A2D-48FA-4F8F-B7E6-54F05F06580C}.Release|Any CPU.ActiveCfg = Release|x86
		{02631A2D-48FA-4F8F-B7E6-54F05F06580C}.Release|ARM.ActiveCfg = Release|ARM
		{02631A2D-48FA-4F8F-B7E6-54F05F06580C}.Release|ARM.Build.0 = Release|ARM
		{02631A2D-48FA-4F8F-B7E6-54F05F06580C}.Release|ARM.Deploy.0 = Release|ARM
		{02631A2D-48FA-4F8F-B7E6-54F05F06580C}.Release|iPhone.ActiveCfg = Release|x86
		{02631A2D-48FA-4F8F-B7E6-54F05F06580C}.Release|iPhoneSimulator.ActiveCfg = Release|x86
		{02631A2D-48FA-4F8F-B7E6-54F05F06580C}.Release|x64.ActiveCfg = Release|x64
		{02631A2D-48FA-4F8F-B7E6-54F05F06580C}.Release|x64.Build.0 = Release|x64
		{02631A2D-48FA-4F8F-B7E6-54F05F06580C}.Release|x64.Deploy.0 = Release|x64
		{02631A2D-48FA-4F8F-B7E6-54F05F06580C}.Release|x86.ActiveCfg = Release|x86
		{02631A2D-48FA-4F8F-B7E6-54F05F06580C}.Release|x86.Build.0 = Release|x86
		{02631A2D-48FA-4F8F-B7E6-54F05F06580C}.Release|x86.Deploy.0 = Release|x86
		{75819520-DA3D-449F-AF7F-BD900239D676}.Ad-Hoc|Any CPU.ActiveCfg = Ad-Hoc|iPhone
		{75819520-DA3D-449F-AF7F-BD900239D676}.Ad-Hoc|ARM.ActiveCfg = Ad-Hoc|iPhone
		{75819520-DA3D-449F-AF7F-BD900239D676}.Ad-Hoc|iPhone.ActiveCfg = Ad-Hoc|iPhone
		{75819520-DA3D-449F-AF7F-BD900239D676}.Ad-Hoc|iPhone.Build.0 = Ad-Hoc|iPhone
		{75819520-DA3D-449F-AF7F-BD900239D676}.Ad-Hoc|iPhoneSimulator.ActiveCfg = Ad-Hoc|iPhoneSimulator
		{75819520-DA3D-449F-AF7F-BD900239D676}.Ad-Hoc|iPhoneSimulator.Build.0 = Ad-Hoc|iPhoneSimulator
		{75819520-DA3D-449F-AF7F-BD900239D676}.Ad-Hoc|x64.ActiveCfg = Ad-Hoc|iPhone
		{75819520-DA3D-449F-AF7F-BD900239D676}.Ad-Hoc|x86.ActiveCfg = Ad-Hoc|iPhone
		{75819520-DA3D-449F-AF7F-BD900239D676}.AppStore|Any CPU.ActiveCfg = AppStore|iPhone
		{75819520-DA3D-449F-AF7F-BD900239D676}.AppStore|ARM.ActiveCfg = AppStore|iPhone
		{75819520-DA3D-449F-AF7F-BD900239D676}.AppStore|iPhone.ActiveCfg = AppStore|iPhone
		{75819520-DA3D-449F-AF7F-BD900239D676}.AppStore|iPhone.Build.0 = AppStore|iPhone
		{75819520-DA3D-449F-AF7F-BD900239D676}.AppStore|iPhoneSimulator.ActiveCfg = AppStore|iPhoneSimulator
		{75819520-DA3D-449F-AF7F-BD900239D676}.AppStore|iPhoneSimulator.Build.0 = AppStore|iPhoneSimulator
		{75819520-DA3D-449F-AF7F-BD900239D676}.AppStore|x64.ActiveCfg = AppStore|iPhone
		{75819520-DA3D-449F-AF7F-BD900239D676}.AppStore|x86.ActiveCfg = AppStore|iPhone
		{75819520-DA3D-449F-AF7F-BD900239D676}.Debug|Any CPU.ActiveCfg = Debug|iPhone
		{75819520-DA3D-449F-AF7F-BD900239D676}.Debug|ARM.ActiveCfg = Debug|iPhone
		{75819520-DA3D-449F-AF7F-BD900239D676}.Debug|iPhone.ActiveCfg = Debug|iPhone
		{75819520-DA3D-449F-AF7F-BD900239D676}.Debug|iPhone.Build.0 = Debug|iPhone
		{75819520-DA3D-449F-AF7F-BD900239D676}.Debug|iPhoneSimulator.ActiveCfg = Debug|iPhoneSimulator
		{75819520-DA3D-449F-AF7F-BD900239D676}.Debug|iPhoneSimulator.Build.0 = Debug|iPhoneSimulator
		{75819520-DA3D-449F-AF7F-BD900239D676}.Debug|x64.ActiveCfg = Debug|iPhone
		{75819520-DA3D-449F-AF7F-BD900239D676}.Debug|x86.ActiveCfg = Debug|iPhone
		{75819520-DA3D-449F-AF7F-BD900239D676}.Release|Any CPU.ActiveCfg = Release|iPhone
		{75819520-DA3D-449F-AF7F-BD900239D676}.Release|ARM.ActiveCfg = Release|iPhone
		{75819520-DA3D-449F-AF7F-BD900239D676}.Release|iPhone.ActiveCfg = Release|iPhone
		{75819520-DA3D-449F-AF7F-BD900239D676}.Release|iPhone.Build.0 = Release|iPhone
		{75819520-DA3D-449F-AF7F-BD900239D676}.Release|iPhoneSimulator.ActiveCfg = Release|iPhoneSimulator
		{75819520-DA3D-449F-AF7F-BD900239D676}.Release|iPhoneSimulator.Build.0 = Release|iPhoneSimulator
		{75819520-DA3D-449F-AF7F-BD900239D676}.Release|x64.ActiveCfg = Release|iPhone
		{75819520-DA3D-449F-AF7F-BD900239D676}.Release|x86.ActiveCfg = Release|iPhone
	EndGlobalSection
	GlobalSection(SolutionProperties) = preSolution
		HideSolutionNode = FALSE
	EndGlobalSection
EndGlobal
